
Microsoft Visual Studio Solution File, Format Version 12.00
# Visual Studio Version 16
VisualStudioVersion = 16.0.29411.108
MinimumVisualStudioVersion = 10.0.40219.1
Project("{FAE04EC0-301F-11D3-BF4B-00C04F79EFBC}") = "HW", "HW\HW.csproj", "{D968E02B-DFBE-462E-B5FE-800F5E674752}"
EndProject
Global
	GlobalSection(SolutionConfigurationPlatforms) = preSolution
		Debug|Any CPU = Debug|Any CPU
		Release|Any CPU = Release|Any CPU
	EndGlobalSection
	GlobalSection(ProjectConfigurationPlatforms) = postSolution
		{D968E02B-DFBE-462E-B5FE-800F5E674752}.Debug|Any CPU.ActiveCfg = Debug|Any CPU
		{D968E02B-DFBE-462E-B5FE-800F5E674752}.Debug|Any CPU.Build.0 = Debug|Any CPU
		{D968E02B-DFBE-462E-B5FE-800F5E674752}.Release|Any CPU.ActiveCfg = Release|Any CPU
		{D968E02B-DFBE-462E-B5FE-800F5E674752}.Release|Any CPU.Build.0 = Release|Any CPU
	EndGlobalSection
	GlobalSection(SolutionProperties) = preSolution
		HideSolutionNode = FALSE
	EndGlobalSection
	GlobalSection(ExtensibilityGlobals) = postSolution
		SolutionGuid = {E6C97BAA-B2A1-4802-8445-1F631DEC090F}
	EndGlobalSection
EndGlobal
